
Microsoft Visual Studio Solution File, Format Version 12.00
# Visual Studio Version 17
VisualStudioVersion = 17.9.34701.34
MinimumVisualStudioVersion = 10.0.40219.1
Project("{FAE04EC0-301F-11D3-BF4B-00C04F79EFBC}") = "Station Pro", "Station Pro\Station Pro.csproj", "{04ABD8B9-E60E-47D6-ADAB-504A1817BD74}"
EndProject
Project("{FAE04EC0-301F-11D3-BF4B-00C04F79EFBC}") = "StationPro.Domain", "StationPro.Domain\StationPro.Domain.csproj", "{88F973A9-E88F-47E0-83AC-27DB5BD66A96}"
EndProject
Project("{FAE04EC0-301F-11D3-BF4B-00C04F79EFBC}") = "StationPro.Infrastructure", "StationPro.Infrastructure\StationPro.Infrastructure.csproj", "{6E75C1AB-7D1E-418A-93DF-F2314F20F18F}"
EndProject
Project("{FAE04EC0-301F-11D3-BF4B-00C04F79EFBC}") = "StationPro.Application", "StationPro.Application\StationPro.Application.csproj", "{1B4D6112-DF8A-420A-830B-6635BF2D9CE6}"
EndProject
Global
	GlobalSection(SolutionConfigurationPlatforms) = preSolution
		Debug|Any CPU = Debug|Any CPU
		Release|Any CPU = Release|Any CPU
	EndGlobalSection
	GlobalSection(ProjectConfigurationPlatforms) = postSolution
		{04ABD8B9-E60E-47D6-ADAB-504A1817BD74}.Debug|Any CPU.ActiveCfg = Debug|Any CPU
		{04ABD8B9-E60E-47D6-ADAB-504A1817BD74}.Debug|Any CPU.Build.0 = Debug|Any CPU
		{04ABD8B9-E60E-47D6-ADAB-504A1817BD74}.Release|Any CPU.ActiveCfg = Release|Any CPU
		{04ABD8B9-E60E-47D6-ADAB-504A1817BD74}.Release|Any CPU.Build.0 = Release|Any CPU
		{88F973A9-E88F-47E0-83AC-27DB5BD66A96}.Debug|Any CPU.ActiveCfg = Debug|Any CPU
		{88F973A9-E88F-47E0-83AC-27DB5BD66A96}.Debug|Any CPU.Build.0 = Debug|Any CPU
		{88F973A9-E88F-47E0-83AC-27DB5BD66A96}.Release|Any CPU.ActiveCfg = Release|Any CPU
		{88F973A9-E88F-47E0-83AC-27DB5BD66A96}.Release|Any CPU.Build.0 = Release|Any CPU
		{6E75C1AB-7D1E-418A-93DF-F2314F20F18F}.Debug|Any CPU.ActiveCfg = Debug|Any CPU
		{6E75C1AB-7D1E-418A-93DF-F2314F20F18F}.Debug|Any CPU.Build.0 = Debug|Any CPU
		{6E75C1AB-7D1E-418A-93DF-F2314F20F18F}.Release|Any CPU.ActiveCfg = Release|Any CPU
		{6E75C1AB-7D1E-418A-93DF-F2314F20F18F}.Release|Any CPU.Build.0 = Release|Any CPU
		{1B4D6112-DF8A-420A-830B-6635BF2D9CE6}.Debug|Any CPU.ActiveCfg = Debug|Any CPU
		{1B4D6112-DF8A-420A-830B-6635BF2D9CE6}.Debug|Any CPU.Build.0 = Debug|Any CPU
		{1B4D6112-DF8A-420A-830B-6635BF2D9CE6}.Release|Any CPU.ActiveCfg = Release|Any CPU
		{1B4D6112-DF8A-420A-830B-6635BF2D9CE6}.Release|Any CPU.Build.0 = Release|Any CPU
	EndGlobalSection
	GlobalSection(SolutionProperties) = preSolution
		HideSolutionNode = FALSE
	EndGlobalSection
	GlobalSection(ExtensibilityGlobals) = postSolution
		SolutionGuid = {674D7BE2-43DC-4AAB-8145-0C6873620558}
	EndGlobalSection
EndGlobal
